
Microsoft Visual Studio Solution File, Format Version 12.00
# Visual Studio Version 17
VisualStudioVersion = 17.8.34525.116
MinimumVisualStudioVersion = 10.0.40219.1
Project("{9A19103F-16F7-4668-BE54-9A1E7A4F7556}") = "SmartDoc.WebApp", "SmartDoc.WebApp\SmartDoc.WebApp.csproj", "{9EDE99D5-D5E6-403D-BD7C-25D633C5AAA3}"
EndProject
Project("{9A19103F-16F7-4668-BE54-9A1E7A4F7556}") = "SmartDoc.Api", "SmartDoc.Api\SmartDoc.Api.csproj", "{3182F2AA-0F42-4F3F-943A-602A0FAB92A3}"
EndProject
Project("{9A19103F-16F7-4668-BE54-9A1E7A4F7556}") = "SmartDoc.BL", "SmartDoc.BL\SmartDoc.BL.csproj", "{D83FC357-198E-46E2-AD22-8614EC41E90A}"
EndProject
Project("{FAE04EC0-301F-11D3-BF4B-00C04F79EFBC}") = "SmartDoc.Data", "SmartDoc.Data\SmartDoc.Data.csproj", "{D7EFD279-B7FC-4A7E-9E58-18C5C2C41DDD}"
EndProject
Global
	GlobalSection(SolutionConfigurationPlatforms) = preSolution
		Debug|Any CPU = Debug|Any CPU
		Release|Any CPU = Release|Any CPU
	EndGlobalSection
	GlobalSection(ProjectConfigurationPlatforms) = postSolution
		{9EDE99D5-D5E6-403D-BD7C-25D633C5AAA3}.Debug|Any CPU.ActiveCfg = Debug|Any CPU
		{9EDE99D5-D5E6-403D-BD7C-25D633C5AAA3}.Debug|Any CPU.Build.0 = Debug|Any CPU
		{9EDE99D5-D5E6-403D-BD7C-25D633C5AAA3}.Release|Any CPU.ActiveCfg = Release|Any CPU
		{9EDE99D5-D5E6-403D-BD7C-25D633C5AAA3}.Release|Any CPU.Build.0 = Release|Any CPU
		{3182F2AA-0F42-4F3F-943A-602A0FAB92A3}.Debug|Any CPU.ActiveCfg = Debug|Any CPU
		{3182F2AA-0F42-4F3F-943A-602A0FAB92A3}.Debug|Any CPU.Build.0 = Debug|Any CPU
		{3182F2AA-0F42-4F3F-943A-602A0FAB92A3}.Release|Any CPU.ActiveCfg = Release|Any CPU
		{3182F2AA-0F42-4F3F-943A-602A0FAB92A3}.Release|Any CPU.Build.0 = Release|Any CPU
		{D83FC357-198E-46E2-AD22-8614EC41E90A}.Debug|Any CPU.ActiveCfg = Debug|Any CPU
		{D83FC357-198E-46E2-AD22-8614EC41E90A}.Debug|Any CPU.Build.0 = Debug|Any CPU
		{D83FC357-198E-46E2-AD22-8614EC41E90A}.Release|Any CPU.ActiveCfg = Release|Any CPU
		{D83FC357-198E-46E2-AD22-8614EC41E90A}.Release|Any CPU.Build.0 = Release|Any CPU
		{D7EFD279-B7FC-4A7E-9E58-18C5C2C41DDD}.Debug|Any CPU.ActiveCfg = Debug|Any CPU
		{D7EFD279-B7FC-4A7E-9E58-18C5C2C41DDD}.Debug|Any CPU.Build.0 = Debug|Any CPU
		{D7EFD279-B7FC-4A7E-9E58-18C5C2C41DDD}.Release|Any CPU.ActiveCfg = Release|Any CPU
		{D7EFD279-B7FC-4A7E-9E58-18C5C2C41DDD}.Release|Any CPU.Build.0 = Release|Any CPU
	EndGlobalSection
	GlobalSection(SolutionProperties) = preSolution
		HideSolutionNode = FALSE
	EndGlobalSection
	GlobalSection(ExtensibilityGlobals) = postSolution
		SolutionGuid = {4B030348-6A45-470E-96C5-83A320E48919}
	EndGlobalSection
EndGlobal
